// !$*UTF8*$!
{
	archiveVersion = 1;
	classes = {
	};
	objectVersion = 56;
	objects = {

/* Begin PBXBuildFile section */
		EB0C8C952B919CCD00E5E7E2 /* Router.swift in Sources */ = {isa = PBXBuildFile; fileRef = EB0C8C942B919CCD00E5E7E2 /* Router.swift */; };
		EB13190C2BD38E5900C55D1A /* AiChatUserDefaults.swift in Sources */ = {isa = PBXBuildFile; fileRef = EB13190B2BD38E5900C55D1A /* AiChatUserDefaults.swift */; };
		EB2BCFC02B933BCD00C68619 /* FirebaseAnalytics in Frameworks */ = {isa = PBXBuildFile; productRef = EB2BCFBF2B933BCD00C68619 /* FirebaseAnalytics */; };
		EB2BCFC22B933BCD00C68619 /* FirebaseAnalyticsOnDeviceConversion in Frameworks */ = {isa = PBXBuildFile; productRef = EB2BCFC12B933BCD00C68619 /* FirebaseAnalyticsOnDeviceConversion */; };
		EB2BCFC42B933BCD00C68619 /* FirebaseAnalyticsSwift in Frameworks */ = {isa = PBXBuildFile; productRef = EB2BCFC32B933BCD00C68619 /* FirebaseAnalyticsSwift */; };
		EB2BCFC62B933BCD00C68619 /* FirebaseAnalyticsWithoutAdIdSupport in Frameworks */ = {isa = PBXBuildFile; productRef = EB2BCFC52B933BCD00C68619 /* FirebaseAnalyticsWithoutAdIdSupport */; };
		EB2BCFC82B933BCD00C68619 /* FirebaseAppCheck in Frameworks */ = {isa = PBXBuildFile; productRef = EB2BCFC72B933BCD00C68619 /* FirebaseAppCheck */; };
		EB2BCFCA2B933BCD00C68619 /* FirebaseAppDistribution-Beta in Frameworks */ = {isa = PBXBuildFile; productRef = EB2BCFC92B933BCD00C68619 /* FirebaseAppDistribution-Beta */; };
		EB2BCFCC2B933BCD00C68619 /* FirebaseAuth in Frameworks */ = {isa = PBXBuildFile; productRef = EB2BCFCB2B933BCD00C68619 /* FirebaseAuth */; };
		EB2BCFCE2B933BCD00C68619 /* FirebaseAuthCombine-Community in Frameworks */ = {isa = PBXBuildFile; productRef = EB2BCFCD2B933BCD00C68619 /* FirebaseAuthCombine-Community */; };
		EB2BCFD02B933BCD00C68619 /* FirebaseCrashlytics in Frameworks */ = {isa = PBXBuildFile; productRef = EB2BCFCF2B933BCD00C68619 /* FirebaseCrashlytics */; };
		EB2BCFD22B933BCD00C68619 /* FirebaseDatabase in Frameworks */ = {isa = PBXBuildFile; productRef = EB2BCFD12B933BCD00C68619 /* FirebaseDatabase */; };
		EB2BCFD42B933BCD00C68619 /* FirebaseDatabaseSwift in Frameworks */ = {isa = PBXBuildFile; productRef = EB2BCFD32B933BCD00C68619 /* FirebaseDatabaseSwift */; };
		EB2BCFD62B933BCD00C68619 /* FirebaseDynamicLinks in Frameworks */ = {isa = PBXBuildFile; productRef = EB2BCFD52B933BCD00C68619 /* FirebaseDynamicLinks */; };
		EB2BCFD82B933BCD00C68619 /* FirebaseFirestore in Frameworks */ = {isa = PBXBuildFile; productRef = EB2BCFD72B933BCD00C68619 /* FirebaseFirestore */; };
		EB2BCFDA2B933BCD00C68619 /* FirebaseFirestoreCombine-Community in Frameworks */ = {isa = PBXBuildFile; productRef = EB2BCFD92B933BCD00C68619 /* FirebaseFirestoreCombine-Community */; };
		EB2BCFDC2B933BCD00C68619 /* FirebaseFirestoreSwift in Frameworks */ = {isa = PBXBuildFile; productRef = EB2BCFDB2B933BCD00C68619 /* FirebaseFirestoreSwift */; };
		EB2BCFDE2B933BCD00C68619 /* FirebaseFunctions in Frameworks */ = {isa = PBXBuildFile; productRef = EB2BCFDD2B933BCD00C68619 /* FirebaseFunctions */; };
		EB2BCFE02B933BCD00C68619 /* FirebaseFunctionsCombine-Community in Frameworks */ = {isa = PBXBuildFile; productRef = EB2BCFDF2B933BCD00C68619 /* FirebaseFunctionsCombine-Community */; };
		EB2BCFE22B933BCD00C68619 /* FirebaseInAppMessaging-Beta in Frameworks */ = {isa = PBXBuildFile; productRef = EB2BCFE12B933BCD00C68619 /* FirebaseInAppMessaging-Beta */; };
		EB2BCFE42B933BCD00C68619 /* FirebaseInAppMessagingSwift-Beta in Frameworks */ = {isa = PBXBuildFile; productRef = EB2BCFE32B933BCD00C68619 /* FirebaseInAppMessagingSwift-Beta */; };
		EB2BCFE62B933BCD00C68619 /* FirebaseInstallations in Frameworks */ = {isa = PBXBuildFile; productRef = EB2BCFE52B933BCD00C68619 /* FirebaseInstallations */; };
		EB2BCFE82B933BCD00C68619 /* FirebaseMLModelDownloader in Frameworks */ = {isa = PBXBuildFile; productRef = EB2BCFE72B933BCD00C68619 /* FirebaseMLModelDownloader */; };
		EB2BCFEA2B933BCD00C68619 /* FirebaseMessaging in Frameworks */ = {isa = PBXBuildFile; productRef = EB2BCFE92B933BCD00C68619 /* FirebaseMessaging */; };
		EB2BCFEC2B933BCD00C68619 /* FirebasePerformance in Frameworks */ = {isa = PBXBuildFile; productRef = EB2BCFEB2B933BCD00C68619 /* FirebasePerformance */; };
		EB2BCFEE2B933BCD00C68619 /* FirebaseRemoteConfig in Frameworks */ = {isa = PBXBuildFile; productRef = EB2BCFED2B933BCD00C68619 /* FirebaseRemoteConfig */; };
		EB2BCFF02B933BCD00C68619 /* FirebaseRemoteConfigSwift in Frameworks */ = {isa = PBXBuildFile; productRef = EB2BCFEF2B933BCD00C68619 /* FirebaseRemoteConfigSwift */; };
		EB2BCFF22B933BCD00C68619 /* FirebaseStorage in Frameworks */ = {isa = PBXBuildFile; productRef = EB2BCFF12B933BCD00C68619 /* FirebaseStorage */; };
		EB2BCFF42B933BCD00C68619 /* FirebaseStorageCombine-Community in Frameworks */ = {isa = PBXBuildFile; productRef = EB2BCFF32B933BCD00C68619 /* FirebaseStorageCombine-Community */; };
		EB2BCFF72B933DF500C68619 /* BottomTabBar.swift in Sources */ = {isa = PBXBuildFile; fileRef = EB2BCFF62B933DF500C68619 /* BottomTabBar.swift */; };
		EB2BCFFA2B9343FF00C68619 /* Colors+Extension.swift in Sources */ = {isa = PBXBuildFile; fileRef = EB2BCFF92B9343FF00C68619 /* Colors+Extension.swift */; };
		EB2BCFFF2B934CF700C68619 /* ChatListView.swift in Sources */ = {isa = PBXBuildFile; fileRef = EB2BCFFE2B934CF700C68619 /* ChatListView.swift */; };
		EB2BD0012B934E5700C68619 /* Colors.xcassets in Resources */ = {isa = PBXBuildFile; fileRef = EB2BD0002B934E5700C68619 /* Colors.xcassets */; };
		EB33A7A42BA07FDA003F6A3E /* NavigationBarView.swift in Sources */ = {isa = PBXBuildFile; fileRef = EB33A7A32BA07FDA003F6A3E /* NavigationBarView.swift */; };
		EB4A446A2B8F5A0900CDEA23 /* sample_chatting_appApp.swift in Sources */ = {isa = PBXBuildFile; fileRef = EB4A44692B8F5A0900CDEA23 /* sample_chatting_appApp.swift */; };
		EB4A446E2B8F5A0B00CDEA23 /* Assets.xcassets in Resources */ = {isa = PBXBuildFile; fileRef = EB4A446D2B8F5A0B00CDEA23 /* Assets.xcassets */; };
		EB4A44712B8F5A0B00CDEA23 /* Preview Assets.xcassets in Resources */ = {isa = PBXBuildFile; fileRef = EB4A44702B8F5A0B00CDEA23 /* Preview Assets.xcassets */; };
		EB4A447E2B8F634F00CDEA23 /* GlassView.swift in Sources */ = {isa = PBXBuildFile; fileRef = EB4A447D2B8F634F00CDEA23 /* GlassView.swift */; };
		EB4A44802B8F6D8600CDEA23 /* LoginOrSignUpView.swift in Sources */ = {isa = PBXBuildFile; fileRef = EB4A447F2B8F6D8600CDEA23 /* LoginOrSignUpView.swift */; };
		EB5AC30F2B9ED6B9003CC3BE /* GoogleService-Info.plist in Resources */ = {isa = PBXBuildFile; fileRef = EB5AC30E2B9ED6B9003CC3BE /* GoogleService-Info.plist */; };
		EB80EF8A2BC12DFB00BB0F70 /* SingUp.swift in Sources */ = {isa = PBXBuildFile; fileRef = EB80EF892BC12DFB00BB0F70 /* SingUp.swift */; };
		EB80EF8C2BC13C1700BB0F70 /* String+Extension.swift in Sources */ = {isa = PBXBuildFile; fileRef = EB80EF8B2BC13C1700BB0F70 /* String+Extension.swift */; };
		EB80EF902BC1498800BB0F70 /* AleartToast.swift in Sources */ = {isa = PBXBuildFile; fileRef = EB80EF8F2BC1498800BB0F70 /* AleartToast.swift */; };
		EBF7EE402BA1B46C0040F856 /* LoginOrSignUpViewModel.swift in Sources */ = {isa = PBXBuildFile; fileRef = EBF7EE3F2BA1B46C0040F856 /* LoginOrSignUpViewModel.swift */; };
		EBFD379C2BA2DFA000CFE8E7 /* ChatRoomView.swift in Sources */ = {isa = PBXBuildFile; fileRef = EBFD379B2BA2DFA000CFE8E7 /* ChatRoomView.swift */; };
/* End PBXBuildFile section */

/* Begin PBXFileReference section */
		EB0C8C942B919CCD00E5E7E2 /* Router.swift */ = {isa = PBXFileReference; lastKnownFileType = sourcecode.swift; path = Router.swift; sourceTree = "<group>"; };
		EB13190B2BD38E5900C55D1A /* AiChatUserDefaults.swift */ = {isa = PBXFileReference; lastKnownFileType = sourcecode.swift; path = AiChatUserDefaults.swift; sourceTree = "<group>"; };
		EB2BCFF62B933DF500C68619 /* BottomTabBar.swift */ = {isa = PBXFileReference; lastKnownFileType = sourcecode.swift; path = BottomTabBar.swift; sourceTree = "<group>"; };
		EB2BCFF92B9343FF00C68619 /* Colors+Extension.swift */ = {isa = PBXFileReference; lastKnownFileType = sourcecode.swift; path = "Colors+Extension.swift"; sourceTree = "<group>"; };
		EB2BCFFE2B934CF700C68619 /* ChatListView.swift */ = {isa = PBXFileReference; lastKnownFileType = sourcecode.swift; path = ChatListView.swift; sourceTree = "<group>"; };
		EB2BD0002B934E5700C68619 /* Colors.xcassets */ = {isa = PBXFileReference; lastKnownFileType = folder.assetcatalog; path = Colors.xcassets; sourceTree = "<group>"; };
		EB33A7A32BA07FDA003F6A3E /* NavigationBarView.swift */ = {isa = PBXFileReference; lastKnownFileType = sourcecode.swift; path = NavigationBarView.swift; sourceTree = "<group>"; };
		EB4A44662B8F5A0900CDEA23 /* sample_chatting_app.app */ = {isa = PBXFileReference; explicitFileType = wrapper.application; includeInIndex = 0; path = sample_chatting_app.app; sourceTree = BUILT_PRODUCTS_DIR; };
		EB4A44692B8F5A0900CDEA23 /* sample_chatting_appApp.swift */ = {isa = PBXFileReference; lastKnownFileType = sourcecode.swift; path = sample_chatting_appApp.swift; sourceTree = "<group>"; };
		EB4A446D2B8F5A0B00CDEA23 /* Assets.xcassets */ = {isa = PBXFileReference; lastKnownFileType = folder.assetcatalog; path = Assets.xcassets; sourceTree = "<group>"; };
		EB4A44702B8F5A0B00CDEA23 /* Preview Assets.xcassets */ = {isa = PBXFileReference; lastKnownFileType = folder.assetcatalog; path = "Preview Assets.xcassets"; sourceTree = "<group>"; };
		EB4A447D2B8F634F00CDEA23 /* GlassView.swift */ = {isa = PBXFileReference; lastKnownFileType = sourcecode.swift; path = GlassView.swift; sourceTree = "<group>"; };
		EB4A447F2B8F6D8600CDEA23 /* LoginOrSignUpView.swift */ = {isa = PBXFileReference; fileEncoding = 4; lastKnownFileType = sourcecode.swift; path = LoginOrSignUpView.swift; sourceTree = "<group>"; };
		EB5AC30E2B9ED6B9003CC3BE /* GoogleService-Info.plist */ = {isa = PBXFileReference; fileEncoding = 4; lastKnownFileType = text.plist.xml; path = "GoogleService-Info.plist"; sourceTree = "<group>"; };
		EB80EF892BC12DFB00BB0F70 /* SingUp.swift */ = {isa = PBXFileReference; lastKnownFileType = sourcecode.swift; path = SingUp.swift; sourceTree = "<group>"; };
		EB80EF8B2BC13C1700BB0F70 /* String+Extension.swift */ = {isa = PBXFileReference; lastKnownFileType = sourcecode.swift; path = "String+Extension.swift"; sourceTree = "<group>"; };
		EB80EF8F2BC1498800BB0F70 /* AleartToast.swift */ = {isa = PBXFileReference; lastKnownFileType = sourcecode.swift; path = AleartToast.swift; sourceTree = "<group>"; };
		EBF7EE3F2BA1B46C0040F856 /* LoginOrSignUpViewModel.swift */ = {isa = PBXFileReference; lastKnownFileType = sourcecode.swift; path = LoginOrSignUpViewModel.swift; sourceTree = "<group>"; };
		EBFD379B2BA2DFA000CFE8E7 /* ChatRoomView.swift */ = {isa = PBXFileReference; lastKnownFileType = sourcecode.swift; path = ChatRoomView.swift; sourceTree = "<group>"; };
/* End PBXFileReference section */

/* Begin PBXFrameworksBuildPhase section */
		EB4A44632B8F5A0900CDEA23 /* Frameworks */ = {
			isa = PBXFrameworksBuildPhase;
			buildActionMask = 2147483647;
			files = (
				EB2BCFD22B933BCD00C68619 /* FirebaseDatabase in Frameworks */,
				EB2BCFE02B933BCD00C68619 /* FirebaseFunctionsCombine-Community in Frameworks */,
				EB2BCFD82B933BCD00C68619 /* FirebaseFirestore in Frameworks */,
				EB2BCFC42B933BCD00C68619 /* FirebaseAnalyticsSwift in Frameworks */,
				EB2BCFC02B933BCD00C68619 /* FirebaseAnalytics in Frameworks */,
				EB2BCFC22B933BCD00C68619 /* FirebaseAnalyticsOnDeviceConversion in Frameworks */,
				EB2BCFE82B933BCD00C68619 /* FirebaseMLModelDownloader in Frameworks */,
				EB2BCFDC2B933BCD00C68619 /* FirebaseFirestoreSwift in Frameworks */,
				EB2BCFC82B933BCD00C68619 /* FirebaseAppCheck in Frameworks */,
				EB2BCFC62B933BCD00C68619 /* FirebaseAnalyticsWithoutAdIdSupport in Frameworks */,
				EB2BCFCC2B933BCD00C68619 /* FirebaseAuth in Frameworks */,
				EB2BCFD02B933BCD00C68619 /* FirebaseCrashlytics in Frameworks */,
				EB2BCFF02B933BCD00C68619 /* FirebaseRemoteConfigSwift in Frameworks */,
				EB2BCFE22B933BCD00C68619 /* FirebaseInAppMessaging-Beta in Frameworks */,
				EB2BCFD42B933BCD00C68619 /* FirebaseDatabaseSwift in Frameworks */,
				EB2BCFDE2B933BCD00C68619 /* FirebaseFunctions in Frameworks */,
				EB2BCFF42B933BCD00C68619 /* FirebaseStorageCombine-Community in Frameworks */,
				EB2BCFEE2B933BCD00C68619 /* FirebaseRemoteConfig in Frameworks */,
				EB2BCFCA2B933BCD00C68619 /* FirebaseAppDistribution-Beta in Frameworks */,
				EB2BCFCE2B933BCD00C68619 /* FirebaseAuthCombine-Community in Frameworks */,
				EB2BCFEC2B933BCD00C68619 /* FirebasePerformance in Frameworks */,
				EB2BCFE42B933BCD00C68619 /* FirebaseInAppMessagingSwift-Beta in Frameworks */,
				EB2BCFF22B933BCD00C68619 /* FirebaseStorage in Frameworks */,
				EB2BCFD62B933BCD00C68619 /* FirebaseDynamicLinks in Frameworks */,
				EB2BCFDA2B933BCD00C68619 /* FirebaseFirestoreCombine-Community in Frameworks */,
				EB2BCFEA2B933BCD00C68619 /* FirebaseMessaging in Frameworks */,
				EB2BCFE62B933BCD00C68619 /* FirebaseInstallations in Frameworks */,
			);
			runOnlyForDeploymentPostprocessing = 0;
		};
/* End PBXFrameworksBuildPhase section */

/* Begin PBXGroup section */
		EB0C8C932B919CBC00E5E7E2 /* Router */ = {
			isa = PBXGroup;
			children = (
				EB0C8C942B919CCD00E5E7E2 /* Router.swift */,
			);
			path = Router;
			sourceTree = "<group>";
		};
		EB1319072BD38D2A00C55D1A /* Services */ = {
			isa = PBXGroup;
			children = (
			);
			path = Services;
			sourceTree = "<group>";
		};
		EB13190A2BD38E2D00C55D1A /* Helpers */ = {
			isa = PBXGroup;
			children = (
				EB13190B2BD38E5900C55D1A /* AiChatUserDefaults.swift */,
			);
			path = Helpers;
			sourceTree = "<group>";
		};
		EB2BCFF52B933DD300C68619 /* TabBarView */ = {
			isa = PBXGroup;
			children = (
				EB2BCFFD2B934CE000C68619 /* ChatListView */,
				EBFD379D2BA2DFA600CFE8E7 /* ChatRoomView */,
				EB2BCFF62B933DF500C68619 /* BottomTabBar.swift */,
			);
			path = TabBarView;
			sourceTree = "<group>";
		};
		EB2BCFF82B9343C100C68619 /* Extensions */ = {
			isa = PBXGroup;
			children = (
				EB2BCFF92B9343FF00C68619 /* Colors+Extension.swift */,
				EB80EF8B2BC13C1700BB0F70 /* String+Extension.swift */,
			);
			path = Extensions;
			sourceTree = "<group>";
		};
		EB2BCFFD2B934CE000C68619 /* ChatListView */ = {
			isa = PBXGroup;
			children = (
				EB2BCFFE2B934CF700C68619 /* ChatListView.swift */,
			);
			path = ChatListView;
			sourceTree = "<group>";
		};
		EB4A445D2B8F5A0900CDEA23 = {
			isa = PBXGroup;
			children = (
				EB4A44682B8F5A0900CDEA23 /* sample_chatting_app */,
				EB4A44672B8F5A0900CDEA23 /* Products */,
			);
			sourceTree = "<group>";
		};
		EB4A44672B8F5A0900CDEA23 /* Products */ = {
			isa = PBXGroup;
			children = (
				EB4A44662B8F5A0900CDEA23 /* sample_chatting_app.app */,
			);
			name = Products;
			sourceTree = "<group>";
		};
		EB4A44682B8F5A0900CDEA23 /* sample_chatting_app */ = {
			isa = PBXGroup;
			children = (
				EB4A44692B8F5A0900CDEA23 /* sample_chatting_appApp.swift */,
				EB1319072BD38D2A00C55D1A /* Services */,
				EB13190A2BD38E2D00C55D1A /* Helpers */,
				EB2BCFF82B9343C100C68619 /* Extensions */,
				EB0C8C932B919CBC00E5E7E2 /* Router */,
				EBF7EE3E2BA1B3D80040F856 /* Models */,
				EB4A447C2B8F632800CDEA23 /* CustomViews */,
				EB4A44772B8F5A4800CDEA23 /* Views */,
				EB4A446D2B8F5A0B00CDEA23 /* Assets.xcassets */,
				EB2BD0002B934E5700C68619 /* Colors.xcassets */,
				EB5AC30E2B9ED6B9003CC3BE /* GoogleService-Info.plist */,
				EB4A446F2B8F5A0B00CDEA23 /* Preview Content */,
			);
			path = sample_chatting_app;
			sourceTree = "<group>";
		};
		EB4A446F2B8F5A0B00CDEA23 /* Preview Content */ = {
			isa = PBXGroup;
			children = (
				EB4A44702B8F5A0B00CDEA23 /* Preview Assets.xcassets */,
			);
			path = "Preview Content";
			sourceTree = "<group>";
		};
		EB4A44772B8F5A4800CDEA23 /* Views */ = {
			isa = PBXGroup;
			children = (
				EBF7EE412BA1BBB80040F856 /* LoginOrSignUP */,
				EB2BCFF52B933DD300C68619 /* TabBarView */,
			);
			path = Views;
			sourceTree = "<group>";
		};
		EB4A447C2B8F632800CDEA23 /* CustomViews */ = {
			isa = PBXGroup;
			children = (
				EB4A447D2B8F634F00CDEA23 /* GlassView.swift */,
				EB33A7A32BA07FDA003F6A3E /* NavigationBarView.swift */,
				EB80EF8F2BC1498800BB0F70 /* AleartToast.swift */,
			);
			path = CustomViews;
			sourceTree = "<group>";
		};
		EBF7EE3E2BA1B3D80040F856 /* Models */ = {
			isa = PBXGroup;
			children = (
				EB80EF892BC12DFB00BB0F70 /* SingUp.swift */,
			);
			path = Models;
			sourceTree = "<group>";
		};
		EBF7EE412BA1BBB80040F856 /* LoginOrSignUP */ = {
			isa = PBXGroup;
			children = (
				EB4A447F2B8F6D8600CDEA23 /* LoginOrSignUpView.swift */,
				EBF7EE3F2BA1B46C0040F856 /* LoginOrSignUpViewModel.swift */,
			);
			path = LoginOrSignUP;
			sourceTree = "<group>";
		};
		EBFD379D2BA2DFA600CFE8E7 /* ChatRoomView */ = {
			isa = PBXGroup;
			children = (
				EBFD379B2BA2DFA000CFE8E7 /* ChatRoomView.swift */,
			);
			path = ChatRoomView;
			sourceTree = "<group>";
		};
/* End PBXGroup section */

/* Begin PBXNativeTarget section */
		EB4A44652B8F5A0900CDEA23 /* sample_chatting_app */ = {
			isa = PBXNativeTarget;
			buildConfigurationList = EB4A44742B8F5A0B00CDEA23 /* Build configuration list for PBXNativeTarget "sample_chatting_app" */;
			buildPhases = (
				EB4A44622B8F5A0900CDEA23 /* Sources */,
				EB4A44632B8F5A0900CDEA23 /* Frameworks */,
				EB4A44642B8F5A0900CDEA23 /* Resources */,
			);
			buildRules = (
			);
			dependencies = (
			);
			name = sample_chatting_app;
			packageProductDependencies = (
				EB2BCFBF2B933BCD00C68619 /* FirebaseAnalytics */,
				EB2BCFC12B933BCD00C68619 /* FirebaseAnalyticsOnDeviceConversion */,
				EB2BCFC32B933BCD00C68619 /* FirebaseAnalyticsSwift */,
				EB2BCFC52B933BCD00C68619 /* FirebaseAnalyticsWithoutAdIdSupport */,
				EB2BCFC72B933BCD00C68619 /* FirebaseAppCheck */,
				EB2BCFC92B933BCD00C68619 /* FirebaseAppDistribution-Beta */,
				EB2BCFCB2B933BCD00C68619 /* FirebaseAuth */,
				EB2BCFCD2B933BCD00C68619 /* FirebaseAuthCombine-Community */,
				EB2BCFCF2B933BCD00C68619 /* FirebaseCrashlytics */,
				EB2BCFD12B933BCD00C68619 /* FirebaseDatabase */,
				EB2BCFD32B933BCD00C68619 /* FirebaseDatabaseSwift */,
				EB2BCFD52B933BCD00C68619 /* FirebaseDynamicLinks */,
				EB2BCFD72B933BCD00C68619 /* FirebaseFirestore */,
				EB2BCFD92B933BCD00C68619 /* FirebaseFirestoreCombine-Community */,
				EB2BCFDB2B933BCD00C68619 /* FirebaseFirestoreSwift */,
				EB2BCFDD2B933BCD00C68619 /* FirebaseFunctions */,
				EB2BCFDF2B933BCD00C68619 /* FirebaseFunctionsCombine-Community */,
				EB2BCFE12B933BCD00C68619 /* FirebaseInAppMessaging-Beta */,
				EB2BCFE32B933BCD00C68619 /* FirebaseInAppMessagingSwift-Beta */,
				EB2BCFE52B933BCD00C68619 /* FirebaseInstallations */,
				EB2BCFE72B933BCD00C68619 /* FirebaseMLModelDownloader */,
				EB2BCFE92B933BCD00C68619 /* FirebaseMessaging */,
				EB2BCFEB2B933BCD00C68619 /* FirebasePerformance */,
				EB2BCFED2B933BCD00C68619 /* FirebaseRemoteConfig */,
				EB2BCFEF2B933BCD00C68619 /* FirebaseRemoteConfigSwift */,
				EB2BCFF12B933BCD00C68619 /* FirebaseStorage */,
				EB2BCFF32B933BCD00C68619 /* FirebaseStorageCombine-Community */,
			);
			productName = sample_chatting_app;
			productReference = EB4A44662B8F5A0900CDEA23 /* sample_chatting_app.app */;
			productType = "com.apple.product-type.application";
		};
/* End PBXNativeTarget section */

/* Begin PBXProject section */
		EB4A445E2B8F5A0900CDEA23 /* Project object */ = {
			isa = PBXProject;
			attributes = {
				BuildIndependentTargetsInParallel = 1;
				LastSwiftUpdateCheck = 1520;
				LastUpgradeCheck = 1520;
				TargetAttributes = {
					EB4A44652B8F5A0900CDEA23 = {
						CreatedOnToolsVersion = 15.2;
					};
				};
			};
			buildConfigurationList = EB4A44612B8F5A0900CDEA23 /* Build configuration list for PBXProject "sample_chatting_app" */;
			compatibilityVersion = "Xcode 14.0";
			developmentRegion = en;
			hasScannedForEncodings = 0;
			knownRegions = (
				en,
				Base,
			);
			mainGroup = EB4A445D2B8F5A0900CDEA23;
			packageReferences = (
				EB2BCFBE2B933BCD00C68619 /* XCRemoteSwiftPackageReference "firebase-ios-sdk" */,
			);
			productRefGroup = EB4A44672B8F5A0900CDEA23 /* Products */;
			projectDirPath = "";
			projectRoot = "";
			targets = (
				EB4A44652B8F5A0900CDEA23 /* sample_chatting_app */,
			);
		};
/* End PBXProject section */

/* Begin PBXResourcesBuildPhase section */
		EB4A44642B8F5A0900CDEA23 /* Resources */ = {
			isa = PBXResourcesBuildPhase;
			buildActionMask = 2147483647;
			files = (
				EB4A44712B8F5A0B00CDEA23 /* Preview Assets.xcassets in Resources */,
				EB2BD0012B934E5700C68619 /* Colors.xcassets in Resources */,
				EB5AC30F2B9ED6B9003CC3BE /* GoogleService-Info.plist in Resources */,
				EB4A446E2B8F5A0B00CDEA23 /* Assets.xcassets in Resources */,
			);
			runOnlyForDeploymentPostprocessing = 0;
		};
/* End PBXResourcesBuildPhase section */

/* Begin PBXSourcesBuildPhase section */
		EB4A44622B8F5A0900CDEA23 /* Sources */ = {
			isa = PBXSourcesBuildPhase;
			buildActionMask = 2147483647;
			files = (
				EB2BCFF72B933DF500C68619 /* BottomTabBar.swift in Sources */,
				EB2BCFFA2B9343FF00C68619 /* Colors+Extension.swift in Sources */,
				EB4A44802B8F6D8600CDEA23 /* LoginOrSignUpView.swift in Sources */,
				EB4A446A2B8F5A0900CDEA23 /* sample_chatting_appApp.swift in Sources */,
				EB80EF8C2BC13C1700BB0F70 /* String+Extension.swift in Sources */,
				EB2BCFFF2B934CF700C68619 /* ChatListView.swift in Sources */,
				EBF7EE402BA1B46C0040F856 /* LoginOrSignUpViewModel.swift in Sources */,
				EB0C8C952B919CCD00E5E7E2 /* Router.swift in Sources */,
				EBFD379C2BA2DFA000CFE8E7 /* ChatRoomView.swift in Sources */,
				EB80EF8A2BC12DFB00BB0F70 /* SingUp.swift in Sources */,
				EB13190C2BD38E5900C55D1A /* AiChatUserDefaults.swift in Sources */,
				EB4A447E2B8F634F00CDEA23 /* GlassView.swift in Sources */,
				EB80EF902BC1498800BB0F70 /* AleartToast.swift in Sources */,
				EB33A7A42BA07FDA003F6A3E /* NavigationBarView.swift in Sources */,
			);
			runOnlyForDeploymentPostprocessing = 0;
		};
/* End PBXSourcesBuildPhase section */

/* Begin XCBuildConfiguration section */
		EB4A44722B8F5A0B00CDEA23 /* Debug */ = {
			isa = XCBuildConfiguration;
			buildSettings = {
				ALWAYS_SEARCH_USER_PATHS = NO;
				ASSETCATALOG_COMPILER_GENERATE_SWIFT_ASSET_SYMBOL_EXTENSIONS = YES;
				CLANG_ANALYZER_NONNULL = YES;
				CLANG_ANALYZER_NUMBER_OBJECT_CONVERSION = YES_AGGRESSIVE;
				CLANG_CXX_LANGUAGE_STANDARD = "gnu++20";
				CLANG_ENABLE_MODULES = YES;
				CLANG_ENABLE_OBJC_ARC = YES;
				CLANG_ENABLE_OBJC_WEAK = YES;
				CLANG_WARN_BLOCK_CAPTURE_AUTORELEASING = YES;
				CLANG_WARN_BOOL_CONVERSION = YES;
				CLANG_WARN_COMMA = YES;
				CLANG_WARN_CONSTANT_CONVERSION = YES;
				CLANG_WARN_DEPRECATED_OBJC_IMPLEMENTATIONS = YES;
				CLANG_WARN_DIRECT_OBJC_ISA_USAGE = YES_ERROR;
				CLANG_WARN_DOCUMENTATION_COMMENTS = YES;
				CLANG_WARN_EMPTY_BODY = YES;
				CLANG_WARN_ENUM_CONVERSION = YES;
				CLANG_WARN_INFINITE_RECURSION = YES;
				CLANG_WARN_INT_CONVERSION = YES;
				CLANG_WARN_NON_LITERAL_NULL_CONVERSION = YES;
				CLANG_WARN_OBJC_IMPLICIT_RETAIN_SELF = YES;
				CLANG_WARN_OBJC_LITERAL_CONVERSION = YES;
				CLANG_WARN_OBJC_ROOT_CLASS = YES_ERROR;
				CLANG_WARN_QUOTED_INCLUDE_IN_FRAMEWORK_HEADER = YES;
				CLANG_WARN_RANGE_LOOP_ANALYSIS = YES;
				CLANG_WARN_STRICT_PROTOTYPES = YES;
				CLANG_WARN_SUSPICIOUS_MOVE = YES;
				CLANG_WARN_UNGUARDED_AVAILABILITY = YES_AGGRESSIVE;
				CLANG_WARN_UNREACHABLE_CODE = YES;
				CLANG_WARN__DUPLICATE_METHOD_MATCH = YES;
				COPY_PHASE_STRIP = NO;
				DEBUG_INFORMATION_FORMAT = dwarf;
				ENABLE_STRICT_OBJC_MSGSEND = YES;
				ENABLE_TESTABILITY = YES;
				ENABLE_USER_SCRIPT_SANDBOXING = YES;
				GCC_C_LANGUAGE_STANDARD = gnu17;
				GCC_DYNAMIC_NO_PIC = NO;
				GCC_NO_COMMON_BLOCKS = YES;
				GCC_OPTIMIZATION_LEVEL = 0;
				GCC_PREPROCESSOR_DEFINITIONS = (
					"DEBUG=1",
					"$(inherited)",
				);
				GCC_WARN_64_TO_32_BIT_CONVERSION = YES;
				GCC_WARN_ABOUT_RETURN_TYPE = YES_ERROR;
				GCC_WARN_UNDECLARED_SELECTOR = YES;
				GCC_WARN_UNINITIALIZED_AUTOS = YES_AGGRESSIVE;
				GCC_WARN_UNUSED_FUNCTION = YES;
				GCC_WARN_UNUSED_VARIABLE = YES;
				IPHONEOS_DEPLOYMENT_TARGET = 14.0;
				LOCALIZATION_PREFERS_STRING_CATALOGS = YES;
				MTL_ENABLE_DEBUG_INFO = INCLUDE_SOURCE;
				MTL_FAST_MATH = YES;
				ONLY_ACTIVE_ARCH = YES;
				SDKROOT = iphoneos;
				SWIFT_ACTIVE_COMPILATION_CONDITIONS = "DEBUG $(inherited)";
				SWIFT_OPTIMIZATION_LEVEL = "-Onone";
			};
			name = Debug;
		};
		EB4A44732B8F5A0B00CDEA23 /* Release */ = {
			isa = XCBuildConfiguration;
			buildSettings = {
				ALWAYS_SEARCH_USER_PATHS = NO;
				ASSETCATALOG_COMPILER_GENERATE_SWIFT_ASSET_SYMBOL_EXTENSIONS = YES;
				CLANG_ANALYZER_NONNULL = YES;
				CLANG_ANALYZER_NUMBER_OBJECT_CONVERSION = YES_AGGRESSIVE;
				CLANG_CXX_LANGUAGE_STANDARD = "gnu++20";
				CLANG_ENABLE_MODULES = YES;
				CLANG_ENABLE_OBJC_ARC = YES;
				CLANG_ENABLE_OBJC_WEAK = YES;
				CLANG_WARN_BLOCK_CAPTURE_AUTORELEASING = YES;
				CLANG_WARN_BOOL_CONVERSION = YES;
				CLANG_WARN_COMMA = YES;
				CLANG_WARN_CONSTANT_CONVERSION = YES;
				CLANG_WARN_DEPRECATED_OBJC_IMPLEMENTATIONS = YES;
				CLANG_WARN_DIRECT_OBJC_ISA_USAGE = YES_ERROR;
				CLANG_WARN_DOCUMENTATION_COMMENTS = YES;
				CLANG_WARN_EMPTY_BODY = YES;
				CLANG_WARN_ENUM_CONVERSION = YES;
				CLANG_WARN_INFINITE_RECURSION = YES;
				CLANG_WARN_INT_CONVERSION = YES;
				CLANG_WARN_NON_LITERAL_NULL_CONVERSION = YES;
				CLANG_WARN_OBJC_IMPLICIT_RETAIN_SELF = YES;
				CLANG_WARN_OBJC_LITERAL_CONVERSION = YES;
				CLANG_WARN_OBJC_ROOT_CLASS = YES_ERROR;
				CLANG_WARN_QUOTED_INCLUDE_IN_FRAMEWORK_HEADER = YES;
				CLANG_WARN_RANGE_LOOP_ANALYSIS = YES;
				CLANG_WARN_STRICT_PROTOTYPES = YES;
				CLANG_WARN_SUSPICIOUS_MOVE = YES;
				CLANG_WARN_UNGUARDED_AVAILABILITY = YES_AGGRESSIVE;
				CLANG_WARN_UNREACHABLE_CODE = YES;
				CLANG_WARN__DUPLICATE_METHOD_MATCH = YES;
				COPY_PHASE_STRIP = NO;
				DEBUG_INFORMATION_FORMAT = "dwarf-with-dsym";
				ENABLE_NS_ASSERTIONS = NO;
				ENABLE_STRICT_OBJC_MSGSEND = YES;
				ENABLE_USER_SCRIPT_SANDBOXING = YES;
				GCC_C_LANGUAGE_STANDARD = gnu17;
				GCC_NO_COMMON_BLOCKS = YES;
				GCC_WARN_64_TO_32_BIT_CONVERSION = YES;
				GCC_WARN_ABOUT_RETURN_TYPE = YES_ERROR;
				GCC_WARN_UNDECLARED_SELECTOR = YES;
				GCC_WARN_UNINITIALIZED_AUTOS = YES_AGGRESSIVE;
				GCC_WARN_UNUSED_FUNCTION = YES;
				GCC_WARN_UNUSED_VARIABLE = YES;
				IPHONEOS_DEPLOYMENT_TARGET = 14.0;
				LOCALIZATION_PREFERS_STRING_CATALOGS = YES;
				MTL_ENABLE_DEBUG_INFO = NO;
				MTL_FAST_MATH = YES;
				SDKROOT = iphoneos;
				SWIFT_COMPILATION_MODE = wholemodule;
				VALIDATE_PRODUCT = YES;
			};
			name = Release;
		};
		EB4A44752B8F5A0B00CDEA23 /* Debug */ = {
			isa = XCBuildConfiguration;
			buildSettings = {
				ASSETCATALOG_COMPILER_APPICON_NAME = AppIcon;
				ASSETCATALOG_COMPILER_GLOBAL_ACCENT_COLOR_NAME = AccentColor;
				CODE_SIGN_IDENTITY = "Apple Development";
				CODE_SIGN_STYLE = Automatic;
				CURRENT_PROJECT_VERSION = 1;
				DEVELOPMENT_ASSET_PATHS = "\"sample_chatting_app/Preview Content\"";
				DEVELOPMENT_TEAM = 5S4D5DG3W4;
				ENABLE_PREVIEWS = YES;
				GENERATE_INFOPLIST_FILE = YES;
				INFOPLIST_KEY_UIApplicationSceneManifest_Generation = YES;
				INFOPLIST_KEY_UIApplicationSupportsIndirectInputEvents = YES;
				INFOPLIST_KEY_UILaunchScreen_Generation = YES;
				INFOPLIST_KEY_UISupportedInterfaceOrientations_iPad = "UIInterfaceOrientationPortrait UIInterfaceOrientationPortraitUpsideDown UIInterfaceOrientationLandscapeLeft UIInterfaceOrientationLandscapeRight";
				INFOPLIST_KEY_UISupportedInterfaceOrientations_iPhone = "UIInterfaceOrientationPortrait UIInterfaceOrientationLandscapeLeft UIInterfaceOrientationLandscapeRight";
				IPHONEOS_DEPLOYMENT_TARGET = 14.0;
				LD_RUNPATH_SEARCH_PATHS = (
					"$(inherited)",
					"@executable_path/Frameworks",
				);
				MARKETING_VERSION = 1.0;
				PRODUCT_BUNDLE_IDENTIFIER = com.AIchattingapp;
				PRODUCT_NAME = "$(TARGET_NAME)";
				PROVISIONING_PROFILE_SPECIFIER = "";
				SWIFT_EMIT_LOC_STRINGS = YES;
				SWIFT_VERSION = 5.0;
				TARGETED_DEVICE_FAMILY = "1,2";
			};
			name = Debug;
		};
		EB4A44762B8F5A0B00CDEA23 /* Release */ = {
			isa = XCBuildConfiguration;
			buildSettings = {
				ASSETCATALOG_COMPILER_APPICON_NAME = AppIcon;
				ASSETCATALOG_COMPILER_GLOBAL_ACCENT_COLOR_NAME = AccentColor;
				CODE_SIGN_IDENTITY = "Apple Development";
				CODE_SIGN_STYLE = Automatic;
				CURRENT_PROJECT_VERSION = 1;
				DEVELOPMENT_ASSET_PATHS = "\"sample_chatting_app/Preview Content\"";
				DEVELOPMENT_TEAM = 5S4D5DG3W4;
				ENABLE_PREVIEWS = YES;
				GENERATE_INFOPLIST_FILE = YES;
				INFOPLIST_KEY_UIApplicationSceneManifest_Generation = YES;
				INFOPLIST_KEY_UIApplicationSupportsIndirectInputEvents = YES;
				INFOPLIST_KEY_UILaunchScreen_Generation = YES;
				INFOPLIST_KEY_UISupportedInterfaceOrientations_iPad = "UIInterfaceOrientationPortrait UIInterfaceOrientationPortraitUpsideDown UIInterfaceOrientationLandscapeLeft UIInterfaceOrientationLandscapeRight";
				INFOPLIST_KEY_UISupportedInterfaceOrientations_iPhone = "UIInterfaceOrientationPortrait UIInterfaceOrientationLandscapeLeft UIInterfaceOrientationLandscapeRight";
				IPHONEOS_DEPLOYMENT_TARGET = 14.0;
				LD_RUNPATH_SEARCH_PATHS = (
					"$(inherited)",
					"@executable_path/Frameworks",
				);
				MARKETING_VERSION = 1.0;
				PRODUCT_BUNDLE_IDENTIFIER = com.AIchattingapp;
				PRODUCT_NAME = "$(TARGET_NAME)";
				PROVISIONING_PROFILE_SPECIFIER = "";
				SWIFT_EMIT_LOC_STRINGS = YES;
				SWIFT_VERSION = 5.0;
				TARGETED_DEVICE_FAMILY = "1,2";
			};
			name = Release;
		};
/* End XCBuildConfiguration section */

/* Begin XCConfigurationList section */
		EB4A44612B8F5A0900CDEA23 /* Build configuration list for PBXProject "sample_chatting_app" */ = {
			isa = XCConfigurationList;
			buildConfigurations = (
				EB4A44722B8F5A0B00CDEA23 /* Debug */,
				EB4A44732B8F5A0B00CDEA23 /* Release */,
			);
			defaultConfigurationIsVisible = 0;
			defaultConfigurationName = Release;
		};
		EB4A44742B8F5A0B00CDEA23 /* Build configuration list for PBXNativeTarget "sample_chatting_app" */ = {
			isa = XCConfigurationList;
			buildConfigurations = (
				EB4A44752B8F5A0B00CDEA23 /* Debug */,
				EB4A44762B8F5A0B00CDEA23 /* Release */,
			);
			defaultConfigurationIsVisible = 0;
			defaultConfigurationName = Release;
		};
/* End XCConfigurationList section */

/* Begin XCRemoteSwiftPackageReference section */
		EB2BCFBE2B933BCD00C68619 /* XCRemoteSwiftPackageReference "firebase-ios-sdk" */ = {
			isa = XCRemoteSwiftPackageReference;
			repositoryURL = "https://github.com/firebase/firebase-ios-sdk";
			requirement = {
				kind = exactVersion;
				version = 10.21.0;
			};
		};
/* End XCRemoteSwiftPackageReference section */

/* Begin XCSwiftPackageProductDependency section */
		EB2BCFBF2B933BCD00C68619 /* FirebaseAnalytics */ = {
			isa = XCSwiftPackageProductDependency;
			package = EB2BCFBE2B933BCD00C68619 /* XCRemoteSwiftPackageReference "firebase-ios-sdk" */;
			productName = FirebaseAnalytics;
		};
		EB2BCFC12B933BCD00C68619 /* FirebaseAnalyticsOnDeviceConversion */ = {
			isa = XCSwiftPackageProductDependency;
			package = EB2BCFBE2B933BCD00C68619 /* XCRemoteSwiftPackageReference "firebase-ios-sdk" */;
			productName = FirebaseAnalyticsOnDeviceConversion;
		};
		EB2BCFC32B933BCD00C68619 /* FirebaseAnalyticsSwift */ = {
			isa = XCSwiftPackageProductDependency;
			package = EB2BCFBE2B933BCD00C68619 /* XCRemoteSwiftPackageReference "firebase-ios-sdk" */;
			productName = FirebaseAnalyticsSwift;
		};
		EB2BCFC52B933BCD00C68619 /* FirebaseAnalyticsWithoutAdIdSupport */ = {
			isa = XCSwiftPackageProductDependency;
			package = EB2BCFBE2B933BCD00C68619 /* XCRemoteSwiftPackageReference "firebase-ios-sdk" */;
			productName = FirebaseAnalyticsWithoutAdIdSupport;
		};
		EB2BCFC72B933BCD00C68619 /* FirebaseAppCheck */ = {
			isa = XCSwiftPackageProductDependency;
			package = EB2BCFBE2B933BCD00C68619 /* XCRemoteSwiftPackageReference "firebase-ios-sdk" */;
			productName = FirebaseAppCheck;
		};
		EB2BCFC92B933BCD00C68619 /* FirebaseAppDistribution-Beta */ = {
			isa = XCSwiftPackageProductDependency;
			package = EB2BCFBE2B933BCD00C68619 /* XCRemoteSwiftPackageReference "firebase-ios-sdk" */;
			productName = "FirebaseAppDistribution-Beta";
		};
		EB2BCFCB2B933BCD00C68619 /* FirebaseAuth */ = {
			isa = XCSwiftPackageProductDependency;
			package = EB2BCFBE2B933BCD00C68619 /* XCRemoteSwiftPackageReference "firebase-ios-sdk" */;
			productName = FirebaseAuth;
		};
		EB2BCFCD2B933BCD00C68619 /* FirebaseAuthCombine-Community */ = {
			isa = XCSwiftPackageProductDependency;
			package = EB2BCFBE2B933BCD00C68619 /* XCRemoteSwiftPackageReference "firebase-ios-sdk" */;
			productName = "FirebaseAuthCombine-Community";
		};
		EB2BCFCF2B933BCD00C68619 /* FirebaseCrashlytics */ = {
			isa = XCSwiftPackageProductDependency;
			package = EB2BCFBE2B933BCD00C68619 /* XCRemoteSwiftPackageReference "firebase-ios-sdk" */;
			productName = FirebaseCrashlytics;
		};
		EB2BCFD12B933BCD00C68619 /* FirebaseDatabase */ = {
			isa = XCSwiftPackageProductDependency;
			package = EB2BCFBE2B933BCD00C68619 /* XCRemoteSwiftPackageReference "firebase-ios-sdk" */;
			productName = FirebaseDatabase;
		};
		EB2BCFD32B933BCD00C68619 /* FirebaseDatabaseSwift */ = {
			isa = XCSwiftPackageProductDependency;
			package = EB2BCFBE2B933BCD00C68619 /* XCRemoteSwiftPackageReference "firebase-ios-sdk" */;
			productName = FirebaseDatabaseSwift;
		};
		EB2BCFD52B933BCD00C68619 /* FirebaseDynamicLinks */ = {
			isa = XCSwiftPackageProductDependency;
			package = EB2BCFBE2B933BCD00C68619 /* XCRemoteSwiftPackageReference "firebase-ios-sdk" */;
			productName = FirebaseDynamicLinks;
		};
		EB2BCFD72B933BCD00C68619 /* FirebaseFirestore */ = {
			isa = XCSwiftPackageProductDependency;
			package = EB2BCFBE2B933BCD00C68619 /* XCRemoteSwiftPackageReference "firebase-ios-sdk" */;
			productName = FirebaseFirestore;
		};
		EB2BCFD92B933BCD00C68619 /* FirebaseFirestoreCombine-Community */ = {
			isa = XCSwiftPackageProductDependency;
			package = EB2BCFBE2B933BCD00C68619 /* XCRemoteSwiftPackageReference "firebase-ios-sdk" */;
			productName = "FirebaseFirestoreCombine-Community";
		};
		EB2BCFDB2B933BCD00C68619 /* FirebaseFirestoreSwift */ = {
			isa = XCSwiftPackageProductDependency;
			package = EB2BCFBE2B933BCD00C68619 /* XCRemoteSwiftPackageReference "firebase-ios-sdk" */;
			productName = FirebaseFirestoreSwift;
		};
		EB2BCFDD2B933BCD00C68619 /* FirebaseFunctions */ = {
			isa = XCSwiftPackageProductDependency;
			package = EB2BCFBE2B933BCD00C68619 /* XCRemoteSwiftPackageReference "firebase-ios-sdk" */;
			productName = FirebaseFunctions;
		};
		EB2BCFDF2B933BCD00C68619 /* FirebaseFunctionsCombine-Community */ = {
			isa = XCSwiftPackageProductDependency;
			package = EB2BCFBE2B933BCD00C68619 /* XCRemoteSwiftPackageReference "firebase-ios-sdk" */;
			productName = "FirebaseFunctionsCombine-Community";
		};
		EB2BCFE12B933BCD00C68619 /* FirebaseInAppMessaging-Beta */ = {
			isa = XCSwiftPackageProductDependency;
			package = EB2BCFBE2B933BCD00C68619 /* XCRemoteSwiftPackageReference "firebase-ios-sdk" */;
			productName = "FirebaseInAppMessaging-Beta";
		};
		EB2BCFE32B933BCD00C68619 /* FirebaseInAppMessagingSwift-Beta */ = {
			isa = XCSwiftPackageProductDependency;
			package = EB2BCFBE2B933BCD00C68619 /* XCRemoteSwiftPackageReference "firebase-ios-sdk" */;
			productName = "FirebaseInAppMessagingSwift-Beta";
		};
		EB2BCFE52B933BCD00C68619 /* FirebaseInstallations */ = {
			isa = XCSwiftPackageProductDependency;
			package = EB2BCFBE2B933BCD00C68619 /* XCRemoteSwiftPackageReference "firebase-ios-sdk" */;
			productName = FirebaseInstallations;
		};
		EB2BCFE72B933BCD00C68619 /* FirebaseMLModelDownloader */ = {
			isa = XCSwiftPackageProductDependency;
			package = EB2BCFBE2B933BCD00C68619 /* XCRemoteSwiftPackageReference "firebase-ios-sdk" */;
			productName = FirebaseMLModelDownloader;
		};
		EB2BCFE92B933BCD00C68619 /* FirebaseMessaging */ = {
			isa = XCSwiftPackageProductDependency;
			package = EB2BCFBE2B933BCD00C68619 /* XCRemoteSwiftPackageReference "firebase-ios-sdk" */;
			productName = FirebaseMessaging;
		};
		EB2BCFEB2B933BCD00C68619 /* FirebasePerformance */ = {
			isa = XCSwiftPackageProductDependency;
			package = EB2BCFBE2B933BCD00C68619 /* XCRemoteSwiftPackageReference "firebase-ios-sdk" */;
			productName = FirebasePerformance;
		};
		EB2BCFED2B933BCD00C68619 /* FirebaseRemoteConfig */ = {
			isa = XCSwiftPackageProductDependency;
			package = EB2BCFBE2B933BCD00C68619 /* XCRemoteSwiftPackageReference "firebase-ios-sdk" */;
			productName = FirebaseRemoteConfig;
		};
		EB2BCFEF2B933BCD00C68619 /* FirebaseRemoteConfigSwift */ = {
			isa = XCSwiftPackageProductDependency;
			package = EB2BCFBE2B933BCD00C68619 /* XCRemoteSwiftPackageReference "firebase-ios-sdk" */;
			productName = FirebaseRemoteConfigSwift;
		};
		EB2BCFF12B933BCD00C68619 /* FirebaseStorage */ = {
			isa = XCSwiftPackageProductDependency;
			package = EB2BCFBE2B933BCD00C68619 /* XCRemoteSwiftPackageReference "firebase-ios-sdk" */;
			productName = FirebaseStorage;
		};
		EB2BCFF32B933BCD00C68619 /* FirebaseStorageCombine-Community */ = {
			isa = XCSwiftPackageProductDependency;
			package = EB2BCFBE2B933BCD00C68619 /* XCRemoteSwiftPackageReference "firebase-ios-sdk" */;
			productName = "FirebaseStorageCombine-Community";
		};
/* End XCSwiftPackageProductDependency section */
	};
	rootObject = EB4A445E2B8F5A0900CDEA23 /* Project object */;
}
